
Microsoft Visual Studio Solution File, Format Version 12.00
# Visual Studio Version 16
VisualStudioVersion = 16.0.29920.165
MinimumVisualStudioVersion = 10.0.40219.1
Project("{9A19103F-16F7-4668-BE54-9A1E7A4F7556}") = "PortableText", "PortableText.csproj", "{514F2A37-F2C8-4455-A2D3-775010424879}"
EndProject
Project("{9A19103F-16F7-4668-BE54-9A1E7A4F7556}") = "PortableText.Test", ".\tests\PortableText.Test.csproj", "{7C5E3AE1-EF38-486A-B42A-702C277BFF6F}"
EndProject
Project("{9A19103F-16F7-4668-BE54-9A1E7A4F7556}") = "PortableText.Example", "..\example\backend\PortableText.Example.csproj", "{75A37C48-3431-48C4-A86E-5B496C1F1D62}"
EndProject
Global
	GlobalSection(SolutionConfigurationPlatforms) = preSolution
		Debug|Any CPU = Debug|Any CPU
		Release|Any CPU = Release|Any CPU
	EndGlobalSection
	GlobalSection(ProjectConfigurationPlatforms) = postSolution
		{514F2A37-F2C8-4455-A2D3-775010424879}.Debug|Any CPU.ActiveCfg = Debug|Any CPU
		{514F2A37-F2C8-4455-A2D3-775010424879}.Debug|Any CPU.Build.0 = Debug|Any CPU
		{514F2A37-F2C8-4455-A2D3-775010424879}.Release|Any CPU.ActiveCfg = Release|Any CPU
		{514F2A37-F2C8-4455-A2D3-775010424879}.Release|Any CPU.Build.0 = Release|Any CPU
		{7C5E3AE1-EF38-486A-B42A-702C277BFF6F}.Debug|Any CPU.ActiveCfg = Debug|Any CPU
		{7C5E3AE1-EF38-486A-B42A-702C277BFF6F}.Debug|Any CPU.Build.0 = Debug|Any CPU
		{7C5E3AE1-EF38-486A-B42A-702C277BFF6F}.Release|Any CPU.ActiveCfg = Release|Any CPU
		{7C5E3AE1-EF38-486A-B42A-702C277BFF6F}.Release|Any CPU.Build.0 = Release|Any CPU
		{75A37C48-3431-48C4-A86E-5B496C1F1D62}.Debug|Any CPU.ActiveCfg = Debug|Any CPU
		{75A37C48-3431-48C4-A86E-5B496C1F1D62}.Debug|Any CPU.Build.0 = Debug|Any CPU
		{75A37C48-3431-48C4-A86E-5B496C1F1D62}.Release|Any CPU.ActiveCfg = Release|Any CPU
		{75A37C48-3431-48C4-A86E-5B496C1F1D62}.Release|Any CPU.Build.0 = Release|Any CPU
	EndGlobalSection
	GlobalSection(SolutionProperties) = preSolution
		HideSolutionNode = FALSE
	EndGlobalSection
	GlobalSection(ExtensibilityGlobals) = postSolution
		SolutionGuid = {972F22F5-FCF4-4B1E-BBB3-30128C27869D}
	EndGlobalSection
EndGlobal
